// !$*UTF8*$!
{
	archiveVersion = 1;
	classes = {
	};
	objectVersion = 73;
	objects = {

/* Begin PBXBuildFile section */
		35E391FEC21DCF69196B87C9 /* EasySign/ResignService/Model/IPAPreviewHTMLRenderer.swift in Sources */ = {isa = PBXBuildFile; fileRef = 02DE45FEF3088A40C5BD1BBE /* EasySign/ResignService/Model/IPAPreviewHTMLRenderer.swift */; };
		7C0000010000000100000001 /* MobileDevice.framework in Frameworks */ = {isa = PBXBuildFile; fileRef = 7C0000010000000100000002 /* MobileDevice.framework */; };
		7C047AFF2DFE61D30063989A /* CryptoSwift in Frameworks */ = {isa = PBXBuildFile; productRef = 7C047AFE2DFE61D30063989A /* CryptoSwift */; };
		89101DE4E299978AEB7F8BBA /* Quartz.framework in Frameworks */ = {isa = PBXBuildFile; fileRef = E0DF986375702FE59B3232BD /* Quartz.framework */; };
		CCF9D857907B66510FC637BF /* EasySignQuickLook.appex in Embed Foundation Extensions */ = {isa = PBXBuildFile; fileRef = 8C95EA07F8B625C31232873C /* EasySignQuickLook.appex */; settings = {ATTRIBUTES = (RemoveHeadersOnCopy, ); }; };
		D3FF28E2DE9FAD905A4A8614 /* EasySign/ResignService/Model/IPAPreviewService.swift in Sources */ = {isa = PBXBuildFile; fileRef = 411CFFCB18359A293F5DDB68 /* EasySign/ResignService/Model/IPAPreviewService.swift */; };
/* End PBXBuildFile section */

/* Begin PBXContainerItemProxy section */
		A9B6D7A6A60A58A4BF1E3B1A /* PBXContainerItemProxy */ = {
			isa = PBXContainerItemProxy;
			containerPortal = 7CD6C19F2C4197E900C1DB7F /* Project object */;
			proxyType = 1;
			remoteGlobalIDString = 836719B55F51C6A8F606B414;
			remoteInfo = EasySignQuickLook;
		};
/* End PBXContainerItemProxy section */

/* Begin PBXCopyFilesBuildPhase section */
		7C9878ED2DF4CF9900C9789C /* Embed Frameworks */ = {
			isa = PBXCopyFilesBuildPhase;
			buildActionMask = 2147483647;
			dstPath = "";
			dstSubfolderSpec = 10;
			files = (
			);
			name = "Embed Frameworks";
			runOnlyForDeploymentPostprocessing = 0;
		};
		F7D5D1C860A28B7A31C9E1E4 /* Embed Foundation Extensions */ = {
			isa = PBXCopyFilesBuildPhase;
			buildActionMask = 2147483647;
			dstPath = "";
			dstSubfolderSpec = 13;
			files = (
				CCF9D857907B66510FC637BF /* EasySignQuickLook.appex in Embed Foundation Extensions */,
			);
			name = "Embed Foundation Extensions";
			runOnlyForDeploymentPostprocessing = 0;
		};
/* End PBXCopyFilesBuildPhase section */

/* Begin PBXFileReference section */
		02DE45FEF3088A40C5BD1BBE /* EasySign/ResignService/Model/IPAPreviewHTMLRenderer.swift */ = {isa = PBXFileReference; lastKnownFileType = sourcecode.swift; path = EasySign/ResignService/Model/IPAPreviewHTMLRenderer.swift; sourceTree = SOURCE_ROOT; };
		411CFFCB18359A293F5DDB68 /* EasySign/ResignService/Model/IPAPreviewService.swift */ = {isa = PBXFileReference; lastKnownFileType = sourcecode.swift; path = EasySign/ResignService/Model/IPAPreviewService.swift; sourceTree = SOURCE_ROOT; };
		4817C90FD13E6007607F3D0A /* libPods-iFocus.a */ = {isa = PBXFileReference; explicitFileType = archive.ar; includeInIndex = 0; path = "libPods-iFocus.a"; sourceTree = BUILT_PRODUCTS_DIR; };
		7C0000010000000100000002 /* MobileDevice.framework */ = {isa = PBXFileReference; lastKnownFileType = wrapper.framework; name = MobileDevice.framework; path = /System/Library/PrivateFrameworks/MobileDevice.framework; sourceTree = "<absolute>"; };
		7CD6C1A72C4197E900C1DB7F /* EasySign.app */ = {isa = PBXFileReference; explicitFileType = wrapper.application; includeInIndex = 0; path = EasySign.app; sourceTree = BUILT_PRODUCTS_DIR; };
		8C95EA07F8B625C31232873C /* EasySignQuickLook.appex */ = {isa = PBXFileReference; explicitFileType = "wrapper.app-extension"; includeInIndex = 0; path = EasySignQuickLook.appex; sourceTree = BUILT_PRODUCTS_DIR; };
		E0DF986375702FE59B3232BD /* Quartz.framework */ = {isa = PBXFileReference; lastKnownFileType = wrapper.framework; name = Quartz.framework; path = System/Library/Frameworks/Quartz.framework; sourceTree = SDKROOT; };
/* End PBXFileReference section */

/* Begin PBXFileSystemSynchronizedBuildFileExceptionSet section */
		27C1F8A295BDE502C5719CC6 /* PBXFileSystemSynchronizedBuildFileExceptionSet */ = {
			isa = PBXFileSystemSynchronizedBuildFileExceptionSet;
			membershipExceptions = (
				Info.plist,
			);
			target = 836719B55F51C6A8F606B414 /* EasySignQuickLook */;
		};
		7C9A00012DF4D00000AA0001 /* PBXFileSystemSynchronizedBuildFileExceptionSet */ = {
			isa = PBXFileSystemSynchronizedBuildFileExceptionSet;
			membershipExceptions = (
				Info.plist,
			);
			target = 7CD6C1A62C4197E900C1DB7F /* EasySign */;
		};
/* End PBXFileSystemSynchronizedBuildFileExceptionSet section */

/* Begin PBXFileSystemSynchronizedGroupBuildPhaseMembershipExceptionSet section */
		7C9878EE2DF4CF9900C9789C /* PBXFileSystemSynchronizedGroupBuildPhaseMembershipExceptionSet */ = {
			isa = PBXFileSystemSynchronizedGroupBuildPhaseMembershipExceptionSet;
			attributesByRelativePath = {
				Vendor/OpenSSL/OpenSSL.xcframework = (
					CodeSignOnCopy,
					RemoveHeadersOnCopy,
				);
			};
			buildPhase = 7C9878ED2DF4CF9900C9789C /* Embed Frameworks */;
			membershipExceptions = (
				Vendor/OpenSSL/OpenSSL.xcframework,
			);
		};
/* End PBXFileSystemSynchronizedGroupBuildPhaseMembershipExceptionSet section */

/* Begin PBXFileSystemSynchronizedRootGroup section */
		78EAA4D98DE053A4CE8787E1 /* EasySignQuickLook */ = {isa = PBXFileSystemSynchronizedRootGroup; exceptions = (27C1F8A295BDE502C5719CC6 /* PBXFileSystemSynchronizedBuildFileExceptionSet */, ); explicitFileTypes = {}; explicitFolders = (); path = EasySignQuickLook; sourceTree = "<group>"; };
		7C9878C22DEC2D1100C9789C /* EasySign */ = {isa = PBXFileSystemSynchronizedRootGroup; exceptions = (7C9A00012DF4D00000AA0001 /* PBXFileSystemSynchronizedBuildFileExceptionSet */, 7C9878EE2DF4CF9900C9789C /* PBXFileSystemSynchronizedGroupBuildPhaseMembershipExceptionSet */, ); explicitFileTypes = {}; explicitFolders = (Resources, ); path = EasySign; sourceTree = "<group>"; };
/* End PBXFileSystemSynchronizedRootGroup section */

/* Begin PBXFrameworksBuildPhase section */
		609C539D20D3D8BDBE2D08B3 /* Frameworks */ = {
			isa = PBXFrameworksBuildPhase;
			buildActionMask = 2147483647;
			files = (
				89101DE4E299978AEB7F8BBA /* Quartz.framework in Frameworks */,
			);
			runOnlyForDeploymentPostprocessing = 0;
		};
		7CD6C1A42C4197E900C1DB7F /* Frameworks */ = {
			isa = PBXFrameworksBuildPhase;
			buildActionMask = 2147483647;
			files = (
				7C047AFF2DFE61D30063989A /* CryptoSwift in Frameworks */,
				7C0000010000000100000001 /* MobileDevice.framework in Frameworks */,
			);
			runOnlyForDeploymentPostprocessing = 0;
		};
/* End PBXFrameworksBuildPhase section */

/* Begin PBXGroup section */
		7CD6C19E2C4197E900C1DB7F = {
			isa = PBXGroup;
			children = (
				7C9878C22DEC2D1100C9789C /* EasySign */,
				78EAA4D98DE053A4CE8787E1 /* EasySignQuickLook */,
				9BECE0D232327CF9954C05E7 /* Shared Preview Sources */,
				7CD6C1A82C4197E900C1DB7F /* Products */,
				E26E7E8058B13401184A3BD6 /* Frameworks */,
			);
			sourceTree = "<group>";
		};
		7CD6C1A82C4197E900C1DB7F /* Products */ = {
			isa = PBXGroup;
			children = (
				7CD6C1A72C4197E900C1DB7F /* EasySign.app */,
				8C95EA07F8B625C31232873C /* EasySignQuickLook.appex */,
			);
			name = Products;
			sourceTree = "<group>";
		};
		9BECE0D232327CF9954C05E7 /* Shared Preview Sources */ = {
			isa = PBXGroup;
			children = (
				411CFFCB18359A293F5DDB68 /* EasySign/ResignService/Model/IPAPreviewService.swift */,
				02DE45FEF3088A40C5BD1BBE /* EasySign/ResignService/Model/IPAPreviewHTMLRenderer.swift */,
			);
			name = "Shared Preview Sources";
			sourceTree = "<group>";
		};
		E26E7E8058B13401184A3BD6 /* Frameworks */ = {
			isa = PBXGroup;
			children = (
				4817C90FD13E6007607F3D0A /* libPods-iFocus.a */,
				7C0000010000000100000002 /* MobileDevice.framework */,
				E0DF986375702FE59B3232BD /* Quartz.framework */,
			);
			name = Frameworks;
			sourceTree = "<group>";
		};
/* End PBXGroup section */

/* Begin PBXNativeTarget section */
		7CD6C1A62C4197E900C1DB7F /* EasySign */ = {
			isa = PBXNativeTarget;
			buildConfigurationList = 7CD6C1B62C4197EB00C1DB7F /* Build configuration list for PBXNativeTarget "EasySign" */;
			buildPhases = (
				7CD6C1A32C4197E900C1DB7F /* Sources */,
				7CD6C1A42C4197E900C1DB7F /* Frameworks */,
				7CD6C1A52C4197E900C1DB7F /* Resources */,
				F7D5D1C860A28B7A31C9E1E4 /* Embed Foundation Extensions */,
				7C9878ED2DF4CF9900C9789C /* Embed Frameworks */,
			);
			buildRules = (
			);
			dependencies = (
				937DD08515DE66A8259A250E /* PBXTargetDependency */,
			);
			fileSystemSynchronizedGroups = (
				7C9878C22DEC2D1100C9789C /* EasySign */,
			);
			name = EasySign;
			productName = iFocus;
			productReference = 7CD6C1A72C4197E900C1DB7F /* EasySign.app */;
			productType = "com.apple.product-type.application";
		};
		836719B55F51C6A8F606B414 /* EasySignQuickLook */ = {
			isa = PBXNativeTarget;
			buildConfigurationList = 44AD17752530D96B27A449D6 /* Build configuration list for PBXNativeTarget "EasySignQuickLook" */;
			buildPhases = (
				B6A1A7C26C06E84F77EA5807 /* Sources */,
				609C539D20D3D8BDBE2D08B3 /* Frameworks */,
				026DF6EA8E349CAA6DE2E944 /* Resources */,
			);
			buildRules = (
			);
			dependencies = (
			);
			fileSystemSynchronizedGroups = (
				78EAA4D98DE053A4CE8787E1 /* EasySignQuickLook */,
			);
			name = EasySignQuickLook;
			productName = EasySignQuickLook;
			productReference = 8C95EA07F8B625C31232873C /* EasySignQuickLook.appex */;
			productType = "com.apple.product-type.app-extension";
		};
/* End PBXNativeTarget section */

/* Begin PBXProject section */
		7CD6C19F2C4197E900C1DB7F /* Project object */ = {
			isa = PBXProject;
			attributes = {
				BuildIndependentTargetsInParallel = 1;
				LastSwiftUpdateCheck = 1520;
				LastUpgradeCheck = 1520;
				TargetAttributes = {
					7CD6C1A62C4197E900C1DB7F = {
						CreatedOnToolsVersion = 15.2;
						LastSwiftMigration = 1620;
					};
					836719B55F51C6A8F606B414 = {
						CreatedOnToolsVersion = 16.2;
					};
				};
			};
			buildConfigurationList = 7CD6C1A22C4197E900C1DB7F /* Build configuration list for PBXProject "EasySign" */;
			developmentRegion = en;
			hasScannedForEncodings = 0;
			knownRegions = (
				en,
				Base,
			);
			mainGroup = 7CD6C19E2C4197E900C1DB7F;
			packageReferences = (
				7C047AFD2DFE61D30063989A /* XCRemoteSwiftPackageReference "CryptoSwift" */,
			);
			preferredProjectObjectVersion = 56;
			productRefGroup = 7CD6C1A82C4197E900C1DB7F /* Products */;
			projectDirPath = "";
			projectRoot = "";
			targets = (
				7CD6C1A62C4197E900C1DB7F /* EasySign */,
				836719B55F51C6A8F606B414 /* EasySignQuickLook */,
			);
		};
/* End PBXProject section */

/* Begin PBXResourcesBuildPhase section */
		026DF6EA8E349CAA6DE2E944 /* Resources */ = {
			isa = PBXResourcesBuildPhase;
			buildActionMask = 2147483647;
			files = (
			);
			runOnlyForDeploymentPostprocessing = 0;
		};
		7CD6C1A52C4197E900C1DB7F /* Resources */ = {
			isa = PBXResourcesBuildPhase;
			buildActionMask = 2147483647;
			files = (
			);
			runOnlyForDeploymentPostprocessing = 0;
		};
/* End PBXResourcesBuildPhase section */

/* Begin PBXSourcesBuildPhase section */
		7CD6C1A32C4197E900C1DB7F /* Sources */ = {
			isa = PBXSourcesBuildPhase;
			buildActionMask = 2147483647;
			files = (
			);
			runOnlyForDeploymentPostprocessing = 0;
		};
		B6A1A7C26C06E84F77EA5807 /* Sources */ = {
			isa = PBXSourcesBuildPhase;
			buildActionMask = 2147483647;
			files = (
				35E391FEC21DCF69196B87C9 /* EasySign/ResignService/Model/IPAPreviewHTMLRenderer.swift in Sources */,
				D3FF28E2DE9FAD905A4A8614 /* EasySign/ResignService/Model/IPAPreviewService.swift in Sources */,
			);
			runOnlyForDeploymentPostprocessing = 0;
		};
/* End PBXSourcesBuildPhase section */

/* Begin PBXTargetDependency section */
		937DD08515DE66A8259A250E /* PBXTargetDependency */ = {
			isa = PBXTargetDependency;
			target = 836719B55F51C6A8F606B414 /* EasySignQuickLook */;
			targetProxy = A9B6D7A6A60A58A4BF1E3B1A /* PBXContainerItemProxy */;
		};
/* End PBXTargetDependency section */

/* Begin XCBuildConfiguration section */
		7CD6C1B42C4197EB00C1DB7F /* Debug */ = {
			isa = XCBuildConfiguration;
			buildSettings = {
				ALWAYS_SEARCH_USER_PATHS = NO;
				ASSETCATALOG_COMPILER_GENERATE_SWIFT_ASSET_SYMBOL_EXTENSIONS = YES;
				CLANG_ANALYZER_NONNULL = YES;
				CLANG_ANALYZER_NUMBER_OBJECT_CONVERSION = YES_AGGRESSIVE;
				CLANG_CXX_LANGUAGE_STANDARD = "gnu++20";
				CLANG_ENABLE_MODULES = YES;
				CLANG_ENABLE_OBJC_ARC = YES;
				CLANG_ENABLE_OBJC_WEAK = YES;
				CLANG_WARN_BLOCK_CAPTURE_AUTORELEASING = YES;
				CLANG_WARN_BOOL_CONVERSION = YES;
				CLANG_WARN_COMMA = YES;
				CLANG_WARN_CONSTANT_CONVERSION = YES;
				CLANG_WARN_DEPRECATED_OBJC_IMPLEMENTATIONS = YES;
				CLANG_WARN_DIRECT_OBJC_ISA_USAGE = YES_ERROR;
				CLANG_WARN_DOCUMENTATION_COMMENTS = YES;
				CLANG_WARN_EMPTY_BODY = YES;
				CLANG_WARN_ENUM_CONVERSION = YES;
				CLANG_WARN_INFINITE_RECURSION = YES;
				CLANG_WARN_INT_CONVERSION = YES;
				CLANG_WARN_NON_LITERAL_NULL_CONVERSION = YES;
				CLANG_WARN_OBJC_IMPLICIT_RETAIN_SELF = YES;
				CLANG_WARN_OBJC_LITERAL_CONVERSION = YES;
				CLANG_WARN_OBJC_ROOT_CLASS = YES_ERROR;
				CLANG_WARN_QUOTED_INCLUDE_IN_FRAMEWORK_HEADER = YES;
				CLANG_WARN_RANGE_LOOP_ANALYSIS = YES;
				CLANG_WARN_STRICT_PROTOTYPES = YES;
				CLANG_WARN_SUSPICIOUS_MOVE = YES;
				CLANG_WARN_UNGUARDED_AVAILABILITY = YES_AGGRESSIVE;
				CLANG_WARN_UNREACHABLE_CODE = YES;
				CLANG_WARN__DUPLICATE_METHOD_MATCH = YES;
				COPY_PHASE_STRIP = NO;
				DEBUG_INFORMATION_FORMAT = dwarf;
				ENABLE_STRICT_OBJC_MSGSEND = YES;
				ENABLE_TESTABILITY = YES;
				ENABLE_USER_SCRIPT_SANDBOXING = YES;
				FRAMEWORK_SEARCH_PATHS = (
					"$(inherited)",
					/System/Library/PrivateFrameworks,
				);
				GCC_C_LANGUAGE_STANDARD = gnu17;
				GCC_DYNAMIC_NO_PIC = NO;
				GCC_NO_COMMON_BLOCKS = YES;
				GCC_OPTIMIZATION_LEVEL = 0;
				GCC_PREPROCESSOR_DEFINITIONS = (
					"DEBUG=1",
					"$(inherited)",
				);
				GCC_WARN_64_TO_32_BIT_CONVERSION = YES;
				GCC_WARN_ABOUT_RETURN_TYPE = YES_ERROR;
				GCC_WARN_UNDECLARED_SELECTOR = YES;
				GCC_WARN_UNINITIALIZED_AUTOS = YES_AGGRESSIVE;
				GCC_WARN_UNUSED_FUNCTION = YES;
				GCC_WARN_UNUSED_VARIABLE = YES;
				LOCALIZATION_PREFERS_STRING_CATALOGS = YES;
				MACOSX_DEPLOYMENT_TARGET = 14.2;
				MTL_ENABLE_DEBUG_INFO = INCLUDE_SOURCE;
				MTL_FAST_MATH = YES;
				ONLY_ACTIVE_ARCH = YES;
				SDKROOT = macosx;
				SWIFT_ACTIVE_COMPILATION_CONDITIONS = "DEBUG $(inherited)";
				SWIFT_OPTIMIZATION_LEVEL = "-Onone";
			};
			name = Debug;
		};
		7CD6C1B52C4197EB00C1DB7F /* Release */ = {
			isa = XCBuildConfiguration;
			buildSettings = {
				ALWAYS_SEARCH_USER_PATHS = NO;
				ASSETCATALOG_COMPILER_GENERATE_SWIFT_ASSET_SYMBOL_EXTENSIONS = YES;
				CLANG_ANALYZER_NONNULL = YES;
				CLANG_ANALYZER_NUMBER_OBJECT_CONVERSION = YES_AGGRESSIVE;
				CLANG_CXX_LANGUAGE_STANDARD = "gnu++20";
				CLANG_ENABLE_MODULES = YES;
				CLANG_ENABLE_OBJC_ARC = YES;
				CLANG_ENABLE_OBJC_WEAK = YES;
				CLANG_WARN_BLOCK_CAPTURE_AUTORELEASING = YES;
				CLANG_WARN_BOOL_CONVERSION = YES;
				CLANG_WARN_COMMA = YES;
				CLANG_WARN_CONSTANT_CONVERSION = YES;
				CLANG_WARN_DEPRECATED_OBJC_IMPLEMENTATIONS = YES;
				CLANG_WARN_DIRECT_OBJC_ISA_USAGE = YES_ERROR;
				CLANG_WARN_DOCUMENTATION_COMMENTS = YES;
				CLANG_WARN_EMPTY_BODY = YES;
				CLANG_WARN_ENUM_CONVERSION = YES;
				CLANG_WARN_INFINITE_RECURSION = YES;
				CLANG_WARN_INT_CONVERSION = YES;
				CLANG_WARN_NON_LITERAL_NULL_CONVERSION = YES;
				CLANG_WARN_OBJC_IMPLICIT_RETAIN_SELF = YES;
				CLANG_WARN_OBJC_LITERAL_CONVERSION = YES;
				CLANG_WARN_OBJC_ROOT_CLASS = YES_ERROR;
				CLANG_WARN_QUOTED_INCLUDE_IN_FRAMEWORK_HEADER = YES;
				CLANG_WARN_RANGE_LOOP_ANALYSIS = YES;
				CLANG_WARN_STRICT_PROTOTYPES = YES;
				CLANG_WARN_SUSPICIOUS_MOVE = YES;
				CLANG_WARN_UNGUARDED_AVAILABILITY = YES_AGGRESSIVE;
				CLANG_WARN_UNREACHABLE_CODE = YES;
				CLANG_WARN__DUPLICATE_METHOD_MATCH = YES;
				COPY_PHASE_STRIP = NO;
				DEBUG_INFORMATION_FORMAT = "dwarf-with-dsym";
				ENABLE_NS_ASSERTIONS = NO;
				ENABLE_STRICT_OBJC_MSGSEND = YES;
				ENABLE_USER_SCRIPT_SANDBOXING = YES;
				GCC_C_LANGUAGE_STANDARD = gnu17;
				GCC_NO_COMMON_BLOCKS = YES;
				GCC_WARN_64_TO_32_BIT_CONVERSION = YES;
				GCC_WARN_ABOUT_RETURN_TYPE = YES_ERROR;
				GCC_WARN_UNDECLARED_SELECTOR = YES;
				GCC_WARN_UNINITIALIZED_AUTOS = YES_AGGRESSIVE;
				GCC_WARN_UNUSED_FUNCTION = YES;
				GCC_WARN_UNUSED_VARIABLE = YES;
				LOCALIZATION_PREFERS_STRING_CATALOGS = YES;
				MACOSX_DEPLOYMENT_TARGET = 14.2;
				MTL_ENABLE_DEBUG_INFO = NO;
				MTL_FAST_MATH = YES;
				SDKROOT = macosx;
				SWIFT_COMPILATION_MODE = wholemodule;
			};
			name = Release;
		};
		7CD6C1B72C4197EB00C1DB7F /* Debug */ = {
			isa = XCBuildConfiguration;
			buildSettings = {
				ASSETCATALOG_COMPILER_APPICON_NAME = AppIcon;
				ASSETCATALOG_COMPILER_GLOBAL_ACCENT_COLOR_NAME = AccentColor;
				CLANG_ENABLE_MODULES = YES;
				CODE_SIGN_ENTITLEMENTS = EasySign/EasySign.entitlements;
				CODE_SIGN_IDENTITY = "Apple Development";
				"CODE_SIGN_IDENTITY[sdk=macosx*]" = "-";
				CODE_SIGN_STYLE = Manual;
				COMBINE_HIDPI_IMAGES = YES;
				CURRENT_PROJECT_VERSION = 1;
				DEVELOPMENT_ASSET_PATHS = "\"EasySign/Preview Content\"";
				DEVELOPMENT_TEAM = "";
				ENABLE_PREVIEWS = YES;
				ENABLE_USER_SCRIPT_SANDBOXING = NO;
				GENERATE_INFOPLIST_FILE = NO;
				HEADER_SEARCH_PATHS = (
					"$(inherited)",
					"$(SRCROOT)/EasySign/Vendor/ZSign/src",
					"$(SRCROOT)/EasySign/Vendor/ZSign/src/common",
					"$(SRCROOT)/EasySign/Vendor/ZSign/src/third-party/minizip",
					"$(SRCROOT)/EasySign/Vendor/ZSign/src/third-party/zlib",
					"$(SRCROOT)/EasySign/Vendor/OpenSSL/OpenSSL.xcframework/macos-arm64_x86_64/OpenSSL.framework/Headers",
				);
				INFOPLIST_KEY_CFBundleDisplayName = EasySign;
				INFOPLIST_KEY_NSHumanReadableCopyright = "";
				INFOPLIST_FILE = EasySign/Info.plist;
				LD_RUNPATH_SEARCH_PATHS = (
					"$(inherited)",
					"@executable_path/../Frameworks",
				);
				MACOSX_DEPLOYMENT_TARGET = 13.0;
				MARKETING_VERSION = 1.0.2;
				OTHER_LDFLAGS = (
					"-F",
					/Library/Apple/System/Library/PrivateFrameworks,
					"-framework",
					MobileDevice,
				);
				PRODUCT_BUNDLE_IDENTIFIER = com.crazyball.easysign;
				PRODUCT_NAME = "$(TARGET_NAME)";
				PROVISIONING_PROFILE_SPECIFIER = "";
				SWIFT_EMIT_LOC_STRINGS = YES;
				SWIFT_OBJC_BRIDGING_HEADER = "EasySign/EasySign-Bridging-Header.h";
				SWIFT_OPTIMIZATION_LEVEL = "-Onone";
				SWIFT_VERSION = 5.0;
			};
			name = Debug;
		};
		7CD6C1B82C4197EB00C1DB7F /* Release */ = {
			isa = XCBuildConfiguration;
			buildSettings = {
				ASSETCATALOG_COMPILER_APPICON_NAME = AppIcon;
				ASSETCATALOG_COMPILER_GLOBAL_ACCENT_COLOR_NAME = AccentColor;
				CLANG_ENABLE_MODULES = YES;
				CODE_SIGN_ENTITLEMENTS = EasySign/EasySign.entitlements;
				CODE_SIGN_IDENTITY = "Apple Development";
				"CODE_SIGN_IDENTITY[sdk=macosx*]" = "-";
				CODE_SIGN_STYLE = Manual;
				COMBINE_HIDPI_IMAGES = YES;
				CURRENT_PROJECT_VERSION = 1;
				DEVELOPMENT_ASSET_PATHS = "\"EasySign/Preview Content\"";
				DEVELOPMENT_TEAM = "";
				ENABLE_PREVIEWS = YES;
				ENABLE_USER_SCRIPT_SANDBOXING = NO;
				GENERATE_INFOPLIST_FILE = NO;
				HEADER_SEARCH_PATHS = (
					"$(inherited)",
					"$(SRCROOT)/EasySign/Vendor/ZSign/src",
					"$(SRCROOT)/EasySign/Vendor/ZSign/src/common",
					"$(SRCROOT)/EasySign/Vendor/ZSign/src/third-party/minizip",
					"$(SRCROOT)/EasySign/Vendor/ZSign/src/third-party/zlib",
					"$(SRCROOT)/EasySign/Vendor/OpenSSL/OpenSSL.xcframework/macos-arm64_x86_64/OpenSSL.framework/Headers",
				);
				INFOPLIST_KEY_CFBundleDisplayName = EasySign;
				INFOPLIST_KEY_NSHumanReadableCopyright = "";
				INFOPLIST_FILE = EasySign/Info.plist;
				LD_RUNPATH_SEARCH_PATHS = (
					"$(inherited)",
					"@executable_path/../Frameworks",
				);
				MACOSX_DEPLOYMENT_TARGET = 13.0;
				MARKETING_VERSION = 1.0.2;
				OTHER_LDFLAGS = (
					"-F",
					/Library/Apple/System/Library/PrivateFrameworks,
					"-framework",
					MobileDevice,
				);
				PRODUCT_BUNDLE_IDENTIFIER = com.crazyball.easysign;
				PRODUCT_NAME = "$(TARGET_NAME)";
				PROVISIONING_PROFILE_SPECIFIER = "";
				SWIFT_EMIT_LOC_STRINGS = YES;
				SWIFT_OBJC_BRIDGING_HEADER = "EasySign/EasySign-Bridging-Header.h";
				SWIFT_VERSION = 5.0;
			};
			name = Release;
		};
		A06DDBEB81BD32FCB03CA746 /* Release */ = {
			isa = XCBuildConfiguration;
			buildSettings = {
				APPLICATION_EXTENSION_API_ONLY = YES;
				CLANG_ENABLE_MODULES = YES;
				CODE_SIGN_ENTITLEMENTS = EasySignQuickLook/EasySignQuickLook.entitlements;
				CODE_SIGN_IDENTITY = "Apple Development";
				"CODE_SIGN_IDENTITY[sdk=macosx*]" = "-";
				CODE_SIGN_STYLE = Manual;
				CURRENT_PROJECT_VERSION = 1;
				DEVELOPMENT_TEAM = "";
				ENABLE_APP_SANDBOX = YES;
				ENABLE_USER_SELECTED_FILES = readonly;
				GENERATE_INFOPLIST_FILE = NO;
				INFOPLIST_FILE = EasySignQuickLook/Info.plist;
				LD_RUNPATH_SEARCH_PATHS = (
					"$(inherited)",
					"@executable_path/../Frameworks",
					"@executable_path/../../../../Frameworks",
				);
				MACOSX_DEPLOYMENT_TARGET = 13.0;
				MARKETING_VERSION = 1.0.2;
				PRODUCT_BUNDLE_IDENTIFIER = com.crazyball.easysign.quicklook;
				PRODUCT_NAME = "$(TARGET_NAME)";
				PROVISIONING_PROFILE_SPECIFIER = "";
				SKIP_INSTALL = YES;
				SWIFT_EMIT_LOC_STRINGS = YES;
				SWIFT_VERSION = 5.0;
			};
			name = Release;
		};
		A863586582DD494644E6DA96 /* Debug */ = {
			isa = XCBuildConfiguration;
			buildSettings = {
				APPLICATION_EXTENSION_API_ONLY = YES;
				CLANG_ENABLE_MODULES = YES;
				CODE_SIGN_ENTITLEMENTS = EasySignQuickLook/EasySignQuickLook.entitlements;
				CODE_SIGN_IDENTITY = "Apple Development";
				"CODE_SIGN_IDENTITY[sdk=macosx*]" = "-";
				CODE_SIGN_STYLE = Manual;
				CURRENT_PROJECT_VERSION = 1;
				DEVELOPMENT_TEAM = "";
				ENABLE_APP_SANDBOX = YES;
				ENABLE_TESTABILITY = YES;
				ENABLE_USER_SELECTED_FILES = readonly;
				GENERATE_INFOPLIST_FILE = NO;
				INFOPLIST_FILE = EasySignQuickLook/Info.plist;
				LD_RUNPATH_SEARCH_PATHS = (
					"$(inherited)",
					"@executable_path/../Frameworks",
					"@executable_path/../../../../Frameworks",
				);
				MACOSX_DEPLOYMENT_TARGET = 13.0;
				MARKETING_VERSION = 1.0.2;
				ONLY_ACTIVE_ARCH = YES;
				PRODUCT_BUNDLE_IDENTIFIER = com.crazyball.easysign.quicklook;
				PRODUCT_NAME = "$(TARGET_NAME)";
				PROVISIONING_PROFILE_SPECIFIER = "";
				SKIP_INSTALL = YES;
				SWIFT_EMIT_LOC_STRINGS = YES;
				SWIFT_OPTIMIZATION_LEVEL = "-Onone";
				SWIFT_VERSION = 5.0;
			};
			name = Debug;
		};
/* End XCBuildConfiguration section */

/* Begin XCConfigurationList section */
		44AD17752530D96B27A449D6 /* Build configuration list for PBXNativeTarget "EasySignQuickLook" */ = {
			isa = XCConfigurationList;
			buildConfigurations = (
				A863586582DD494644E6DA96 /* Debug */,
				A06DDBEB81BD32FCB03CA746 /* Release */,
			);
			defaultConfigurationIsVisible = 0;
			defaultConfigurationName = Release;
		};
		7CD6C1A22C4197E900C1DB7F /* Build configuration list for PBXProject "EasySign" */ = {
			isa = XCConfigurationList;
			buildConfigurations = (
				7CD6C1B42C4197EB00C1DB7F /* Debug */,
				7CD6C1B52C4197EB00C1DB7F /* Release */,
			);
			defaultConfigurationIsVisible = 0;
			defaultConfigurationName = Release;
		};
		7CD6C1B62C4197EB00C1DB7F /* Build configuration list for PBXNativeTarget "EasySign" */ = {
			isa = XCConfigurationList;
			buildConfigurations = (
				7CD6C1B72C4197EB00C1DB7F /* Debug */,
				7CD6C1B82C4197EB00C1DB7F /* Release */,
			);
			defaultConfigurationIsVisible = 0;
			defaultConfigurationName = Release;
		};
/* End XCConfigurationList section */

/* Begin XCRemoteSwiftPackageReference section */
		7C047AFD2DFE61D30063989A /* XCRemoteSwiftPackageReference "CryptoSwift" */ = {
			isa = XCRemoteSwiftPackageReference;
			repositoryURL = "https://github.com/krzyzanowskim/CryptoSwift.git";
			requirement = {
				kind = upToNextMajorVersion;
				minimumVersion = 1.8.4;
			};
		};
/* End XCRemoteSwiftPackageReference section */

/* Begin XCSwiftPackageProductDependency section */
		7C047AFE2DFE61D30063989A /* CryptoSwift */ = {
			isa = XCSwiftPackageProductDependency;
			package = 7C047AFD2DFE61D30063989A /* XCRemoteSwiftPackageReference "CryptoSwift" */;
			productName = CryptoSwift;
		};
/* End XCSwiftPackageProductDependency section */
	};
	rootObject = 7CD6C19F2C4197E900C1DB7F /* Project object */;
}
